
Microsoft Visual Studio Solution File, Format Version 11.00
# Visual Studio 2010
Project("{FAE04EC0-301F-11D3-BF4B-00C04F79EFBC}") = "PhotonUnityNetworking.Utilities", "PhotonUnityNetworking.Utilities.csproj", "{075C27F3-9C30-73CE-7C36-3998FE589435}"
EndProject
Project("{FAE04EC0-301F-11D3-BF4B-00C04F79EFBC}") = "Assembly-CSharp", "Assembly-CSharp.csproj", "{19DB90F3-4E9A-D95D-96E5-AC5AB35CDDE8}"
EndProject
Project("{FAE04EC0-301F-11D3-BF4B-00C04F79EFBC}") = "PhotonChat", "PhotonChat.csproj", "{038CBCEE-1043-9425-F050-1A14F0280A47}"
EndProject
Project("{FAE04EC0-301F-11D3-BF4B-00C04F79EFBC}") = "PhotonUnityNetworking", "PhotonUnityNetworking.csproj", "{87E9A2D8-2AB8-43FB-11D9-D50FDC310B67}"
EndProject
Project("{FAE04EC0-301F-11D3-BF4B-00C04F79EFBC}") = "PhotonRealtime", "PhotonRealtime.csproj", "{E72970EB-1458-648A-2760-555806AA96FF}"
EndProject
Project("{FAE04EC0-301F-11D3-BF4B-00C04F79EFBC}") = "Assembly-CSharp-firstpass", "Assembly-CSharp-firstpass.csproj", "{BA6142C4-A693-1AED-C55F-011C260E4B4B}"
EndProject
Project("{FAE04EC0-301F-11D3-BF4B-00C04F79EFBC}") = "PhotonUnityNetworking.Editor", "PhotonUnityNetworking.Editor.csproj", "{D80AF8BC-B004-B734-9054-57262BA747B9}"
EndProject
Project("{FAE04EC0-301F-11D3-BF4B-00C04F79EFBC}") = "ParrelSync", "ParrelSync.csproj", "{75819081-31EE-FE84-3837-4360B1D44294}"
EndProject
Project("{FAE04EC0-301F-11D3-BF4B-00C04F79EFBC}") = "PhotonUnityNetworking.Utilities.PhotonPlayer.Editor", "PhotonUnityNetworking.Utilities.PhotonPlayer.Editor.csproj", "{39D7CDD1-340D-7130-88D2-C03511A7371D}"
EndProject
Project("{FAE04EC0-301F-11D3-BF4B-00C04F79EFBC}") = "PhotonUnityNetworking.Utilities.Culling.Editor", "PhotonUnityNetworking.Utilities.Culling.Editor.csproj", "{89528A87-7AD7-8169-2123-8699021E26A1}"
EndProject
Global
	GlobalSection(SolutionConfigurationPlatforms) = preSolution
		Debug|Any CPU = Debug|Any CPU
		Release|Any CPU = Release|Any CPU
	EndGlobalSection
	GlobalSection(ProjectConfigurationPlatforms) = postSolution
		{075C27F3-9C30-73CE-7C36-3998FE589435}.Debug|Any CPU.ActiveCfg = Debug|Any CPU
		{075C27F3-9C30-73CE-7C36-3998FE589435}.Debug|Any CPU.Build.0 = Debug|Any CPU
		{075C27F3-9C30-73CE-7C36-3998FE589435}.Release|Any CPU.ActiveCfg = Release|Any CPU
		{075C27F3-9C30-73CE-7C36-3998FE589435}.Release|Any CPU.Build.0 = Release|Any CPU
		{19DB90F3-4E9A-D95D-96E5-AC5AB35CDDE8}.Debug|Any CPU.ActiveCfg = Debug|Any CPU
		{19DB90F3-4E9A-D95D-96E5-AC5AB35CDDE8}.Debug|Any CPU.Build.0 = Debug|Any CPU
		{19DB90F3-4E9A-D95D-96E5-AC5AB35CDDE8}.Release|Any CPU.ActiveCfg = Release|Any CPU
		{19DB90F3-4E9A-D95D-96E5-AC5AB35CDDE8}.Release|Any CPU.Build.0 = Release|Any CPU
		{038CBCEE-1043-9425-F050-1A14F0280A47}.Debug|Any CPU.ActiveCfg = Debug|Any CPU
		{038CBCEE-1043-9425-F050-1A14F0280A47}.Debug|Any CPU.Build.0 = Debug|Any CPU
		{038CBCEE-1043-9425-F050-1A14F0280A47}.Release|Any CPU.ActiveCfg = Release|Any CPU
		{038CBCEE-1043-9425-F050-1A14F0280A47}.Release|Any CPU.Build.0 = Release|Any CPU
		{87E9A2D8-2AB8-43FB-11D9-D50FDC310B67}.Debug|Any CPU.ActiveCfg = Debug|Any CPU
		{87E9A2D8-2AB8-43FB-11D9-D50FDC310B67}.Debug|Any CPU.Build.0 = Debug|Any CPU
		{87E9A2D8-2AB8-43FB-11D9-D50FDC310B67}.Release|Any CPU.ActiveCfg = Release|Any CPU
		{87E9A2D8-2AB8-43FB-11D9-D50FDC310B67}.Release|Any CPU.Build.0 = Release|Any CPU
		{E72970EB-1458-648A-2760-555806AA96FF}.Debug|Any CPU.ActiveCfg = Debug|Any CPU
		{E72970EB-1458-648A-2760-555806AA96FF}.Debug|Any CPU.Build.0 = Debug|Any CPU
		{E72970EB-1458-648A-2760-555806AA96FF}.Release|Any CPU.ActiveCfg = Release|Any CPU
		{E72970EB-1458-648A-2760-555806AA96FF}.Release|Any CPU.Build.0 = Release|Any CPU
		{BA6142C4-A693-1AED-C55F-011C260E4B4B}.Debug|Any CPU.ActiveCfg = Debug|Any CPU
		{BA6142C4-A693-1AED-C55F-011C260E4B4B}.Debug|Any CPU.Build.0 = Debug|Any CPU
		{BA6142C4-A693-1AED-C55F-011C260E4B4B}.Release|Any CPU.ActiveCfg = Release|Any CPU
		{BA6142C4-A693-1AED-C55F-011C260E4B4B}.Release|Any CPU.Build.0 = Release|Any CPU
		{D80AF8BC-B004-B734-9054-57262BA747B9}.Debug|Any CPU.ActiveCfg = Debug|Any CPU
		{D80AF8BC-B004-B734-9054-57262BA747B9}.Debug|Any CPU.Build.0 = Debug|Any CPU
		{D80AF8BC-B004-B734-9054-57262BA747B9}.Release|Any CPU.ActiveCfg = Release|Any CPU
		{D80AF8BC-B004-B734-9054-57262BA747B9}.Release|Any CPU.Build.0 = Release|Any CPU
		{75819081-31EE-FE84-3837-4360B1D44294}.Debug|Any CPU.ActiveCfg = Debug|Any CPU
		{75819081-31EE-FE84-3837-4360B1D44294}.Debug|Any CPU.Build.0 = Debug|Any CPU
		{75819081-31EE-FE84-3837-4360B1D44294}.Release|Any CPU.ActiveCfg = Release|Any CPU
		{75819081-31EE-FE84-3837-4360B1D44294}.Release|Any CPU.Build.0 = Release|Any CPU
		{39D7CDD1-340D-7130-88D2-C03511A7371D}.Debug|Any CPU.ActiveCfg = Debug|Any CPU
		{39D7CDD1-340D-7130-88D2-C03511A7371D}.Debug|Any CPU.Build.0 = Debug|Any CPU
		{39D7CDD1-340D-7130-88D2-C03511A7371D}.Release|Any CPU.ActiveCfg = Release|Any CPU
		{39D7CDD1-340D-7130-88D2-C03511A7371D}.Release|Any CPU.Build.0 = Release|Any CPU
		{89528A87-7AD7-8169-2123-8699021E26A1}.Debug|Any CPU.ActiveCfg = Debug|Any CPU
		{89528A87-7AD7-8169-2123-8699021E26A1}.Debug|Any CPU.Build.0 = Debug|Any CPU
		{89528A87-7AD7-8169-2123-8699021E26A1}.Release|Any CPU.ActiveCfg = Release|Any CPU
		{89528A87-7AD7-8169-2123-8699021E26A1}.Release|Any CPU.Build.0 = Release|Any CPU
	EndGlobalSection
	GlobalSection(SolutionProperties) = preSolution
		HideSolutionNode = FALSE
	EndGlobalSection
EndGlobal
