
Microsoft Visual Studio Solution File, Format Version 12.00
# Visual Studio 15
Project("{FAE04EC0-301F-11D3-BF4B-00C04F79EFBC}") = "PhotonUnityNetworking.Utilities", "PhotonUnityNetworking.Utilities.csproj", "{7D71B79D-0E36-39BB-2EDA-BC47D6425CDF}"
EndProject
Project("{FAE04EC0-301F-11D3-BF4B-00C04F79EFBC}") = "Assembly-CSharp", "Assembly-CSharp.csproj", "{4D539F9D-F036-973D-E91A-530A18F2B4DC}"
EndProject
Project("{FAE04EC0-301F-11D3-BF4B-00C04F79EFBC}") = "PhotonChat", "PhotonChat.csproj", "{6D72AE5D-12D2-1397-4A74-327BB6432D12}"
EndProject
Project("{FAE04EC0-301F-11D3-BF4B-00C04F79EFBC}") = "PhotonUnityNetworking", "PhotonUnityNetworking.csproj", "{E5B72B17-5258-F2F0-D137-C08E7A174056}"
EndProject
Project("{FAE04EC0-301F-11D3-BF4B-00C04F79EFBC}") = "PhotonRealtime", "PhotonRealtime.csproj", "{E33E3C14-2058-198A-BA09-5A88616C58F9}"
EndProject
Project("{FAE04EC0-301F-11D3-BF4B-00C04F79EFBC}") = "PhotonUnityNetworking.Editor", "PhotonUnityNetworking.Editor.csproj", "{7003A74B-79FC-6E7D-2F1F-8F1F348C8800}"
EndProject
Project("{FAE04EC0-301F-11D3-BF4B-00C04F79EFBC}") = "ParrelSync", "ParrelSync.csproj", "{DC68669C-3479-C6BA-6CB4-955712483F4C}"
EndProject
Project("{FAE04EC0-301F-11D3-BF4B-00C04F79EFBC}") = "PhotonUnityNetworking.Utilities.PhotonPlayer.Editor", "PhotonUnityNetworking.Utilities.PhotonPlayer.Editor.csproj", "{F393E055-1E21-8945-901F-1754E13CA4B4}"
EndProject
Project("{FAE04EC0-301F-11D3-BF4B-00C04F79EFBC}") = "PhotonUnityNetworking.Utilities.Culling.Editor", "PhotonUnityNetworking.Utilities.Culling.Editor.csproj", "{2BAEDB5A-5297-1D32-84A1-5348BB683CF0}"
EndProject
Project("{FAE04EC0-301F-11D3-BF4B-00C04F79EFBC}") = "Assembly-CSharp-Editor", "Assembly-CSharp-Editor.csproj", "{0D9583BD-3E66-05EA-46B1-4D5AABBB3847}"
EndProject
Global
	GlobalSection(SolutionConfigurationPlatforms) = preSolution
		Debug|Any CPU = Debug|Any CPU
		Release|Any CPU = Release|Any CPU
	EndGlobalSection
	GlobalSection(ProjectConfigurationPlatforms) = postSolution
		{7D71B79D-0E36-39BB-2EDA-BC47D6425CDF}.Debug|Any CPU.ActiveCfg = Debug|Any CPU
		{7D71B79D-0E36-39BB-2EDA-BC47D6425CDF}.Debug|Any CPU.Build.0 = Debug|Any CPU
		{7D71B79D-0E36-39BB-2EDA-BC47D6425CDF}.Release|Any CPU.ActiveCfg = Release|Any CPU
		{7D71B79D-0E36-39BB-2EDA-BC47D6425CDF}.Release|Any CPU.Build.0 = Release|Any CPU
		{4D539F9D-F036-973D-E91A-530A18F2B4DC}.Debug|Any CPU.ActiveCfg = Debug|Any CPU
		{4D539F9D-F036-973D-E91A-530A18F2B4DC}.Debug|Any CPU.Build.0 = Debug|Any CPU
		{4D539F9D-F036-973D-E91A-530A18F2B4DC}.Release|Any CPU.ActiveCfg = Release|Any CPU
		{4D539F9D-F036-973D-E91A-530A18F2B4DC}.Release|Any CPU.Build.0 = Release|Any CPU
		{6D72AE5D-12D2-1397-4A74-327BB6432D12}.Debug|Any CPU.ActiveCfg = Debug|Any CPU
		{6D72AE5D-12D2-1397-4A74-327BB6432D12}.Debug|Any CPU.Build.0 = Debug|Any CPU
		{6D72AE5D-12D2-1397-4A74-327BB6432D12}.Release|Any CPU.ActiveCfg = Release|Any CPU
		{6D72AE5D-12D2-1397-4A74-327BB6432D12}.Release|Any CPU.Build.0 = Release|Any CPU
		{E5B72B17-5258-F2F0-D137-C08E7A174056}.Debug|Any CPU.ActiveCfg = Debug|Any CPU
		{E5B72B17-5258-F2F0-D137-C08E7A174056}.Debug|Any CPU.Build.0 = Debug|Any CPU
		{E5B72B17-5258-F2F0-D137-C08E7A174056}.Release|Any CPU.ActiveCfg = Release|Any CPU
		{E5B72B17-5258-F2F0-D137-C08E7A174056}.Release|Any CPU.Build.0 = Release|Any CPU
		{E33E3C14-2058-198A-BA09-5A88616C58F9}.Debug|Any CPU.ActiveCfg = Debug|Any CPU
		{E33E3C14-2058-198A-BA09-5A88616C58F9}.Debug|Any CPU.Build.0 = Debug|Any CPU
		{E33E3C14-2058-198A-BA09-5A88616C58F9}.Release|Any CPU.ActiveCfg = Release|Any CPU
		{E33E3C14-2058-198A-BA09-5A88616C58F9}.Release|Any CPU.Build.0 = Release|Any CPU
		{7003A74B-79FC-6E7D-2F1F-8F1F348C8800}.Debug|Any CPU.ActiveCfg = Debug|Any CPU
		{7003A74B-79FC-6E7D-2F1F-8F1F348C8800}.Debug|Any CPU.Build.0 = Debug|Any CPU
		{7003A74B-79FC-6E7D-2F1F-8F1F348C8800}.Release|Any CPU.ActiveCfg = Release|Any CPU
		{7003A74B-79FC-6E7D-2F1F-8F1F348C8800}.Release|Any CPU.Build.0 = Release|Any CPU
		{DC68669C-3479-C6BA-6CB4-955712483F4C}.Debug|Any CPU.ActiveCfg = Debug|Any CPU
		{DC68669C-3479-C6BA-6CB4-955712483F4C}.Debug|Any CPU.Build.0 = Debug|Any CPU
		{DC68669C-3479-C6BA-6CB4-955712483F4C}.Release|Any CPU.ActiveCfg = Release|Any CPU
		{DC68669C-3479-C6BA-6CB4-955712483F4C}.Release|Any CPU.Build.0 = Release|Any CPU
		{F393E055-1E21-8945-901F-1754E13CA4B4}.Debug|Any CPU.ActiveCfg = Debug|Any CPU
		{F393E055-1E21-8945-901F-1754E13CA4B4}.Debug|Any CPU.Build.0 = Debug|Any CPU
		{F393E055-1E21-8945-901F-1754E13CA4B4}.Release|Any CPU.ActiveCfg = Release|Any CPU
		{F393E055-1E21-8945-901F-1754E13CA4B4}.Release|Any CPU.Build.0 = Release|Any CPU
		{2BAEDB5A-5297-1D32-84A1-5348BB683CF0}.Debug|Any CPU.ActiveCfg = Debug|Any CPU
		{2BAEDB5A-5297-1D32-84A1-5348BB683CF0}.Debug|Any CPU.Build.0 = Debug|Any CPU
		{2BAEDB5A-5297-1D32-84A1-5348BB683CF0}.Release|Any CPU.ActiveCfg = Release|Any CPU
		{2BAEDB5A-5297-1D32-84A1-5348BB683CF0}.Release|Any CPU.Build.0 = Release|Any CPU
		{0D9583BD-3E66-05EA-46B1-4D5AABBB3847}.Debug|Any CPU.ActiveCfg = Debug|Any CPU
		{0D9583BD-3E66-05EA-46B1-4D5AABBB3847}.Debug|Any CPU.Build.0 = Debug|Any CPU
		{0D9583BD-3E66-05EA-46B1-4D5AABBB3847}.Release|Any CPU.ActiveCfg = Release|Any CPU
		{0D9583BD-3E66-05EA-46B1-4D5AABBB3847}.Release|Any CPU.Build.0 = Release|Any CPU
	EndGlobalSection
	GlobalSection(SolutionProperties) = preSolution
		HideSolutionNode = FALSE
	EndGlobalSection
EndGlobal
